
Microsoft Visual Studio Solution File, Format Version 12.00
# Visual Studio Version 17
VisualStudioVersion = 17.3.32929.385
MinimumVisualStudioVersion = 10.0.40219.1
Project("{FAE04EC0-301F-11D3-BF4B-00C04F79EFBC}") = "CallingApiFromMVC", "CallingApiFromMVC\CallingApiFromMVC.csproj", "{F991A77F-E539-4F8C-AFB1-C614A82A4CF7}"
EndProject
Global
	GlobalSection(SolutionConfigurationPlatforms) = preSolution
		Debug|Any CPU = Debug|Any CPU
		Release|Any CPU = Release|Any CPU
	EndGlobalSection
	GlobalSection(ProjectConfigurationPlatforms) = postSolution
		{F991A77F-E539-4F8C-AFB1-C614A82A4CF7}.Debug|Any CPU.ActiveCfg = Debug|Any CPU
		{F991A77F-E539-4F8C-AFB1-C614A82A4CF7}.Debug|Any CPU.Build.0 = Debug|Any CPU
		{F991A77F-E539-4F8C-AFB1-C614A82A4CF7}.Release|Any CPU.ActiveCfg = Release|Any CPU
		{F991A77F-E539-4F8C-AFB1-C614A82A4CF7}.Release|Any CPU.Build.0 = Release|Any CPU
	EndGlobalSection
	GlobalSection(SolutionProperties) = preSolution
		HideSolutionNode = FALSE
	EndGlobalSection
	GlobalSection(ExtensibilityGlobals) = postSolution
		SolutionGuid = {AF087555-5803-40A9-AC66-C132BD59007C}
	EndGlobalSection
EndGlobal
